
Microsoft Visual Studio Solution File, Format Version 12.00
# Visual Studio 2013
VisualStudioVersion = 12.0.40629.0
MinimumVisualStudioVersion = 10.0.40219.1
Project("{FAE04EC0-301F-11D3-BF4B-00C04F79EFBC}") = "Sharpbase", "Sharpbase\Sharpbase.csproj", "{C9F24680-AE96-4C94-8941-7EA039142403}"
EndProject
Project("{FAE04EC0-301F-11D3-BF4B-00C04F79EFBC}") = "SharpbaseTests", "SharpbaseTests\SharpbaseTests.csproj", "{159ED5B3-F344-415A-BDE0-36D95408911A}"
EndProject
Global
	GlobalSection(SolutionConfigurationPlatforms) = preSolution
		Debug|Any CPU = Debug|Any CPU
		Release|Any CPU = Release|Any CPU
	EndGlobalSection
	GlobalSection(ProjectConfigurationPlatforms) = postSolution
		{C9F24680-AE96-4C94-8941-7EA039142403}.Debug|Any CPU.ActiveCfg = Debug|Any CPU
		{C9F24680-AE96-4C94-8941-7EA039142403}.Debug|Any CPU.Build.0 = Debug|Any CPU
		{C9F24680-AE96-4C94-8941-7EA039142403}.Release|Any CPU.ActiveCfg = Release|Any CPU
		{C9F24680-AE96-4C94-8941-7EA039142403}.Release|Any CPU.Build.0 = Release|Any CPU
		{159ED5B3-F344-415A-BDE0-36D95408911A}.Debug|Any CPU.ActiveCfg = Debug|Any CPU
		{159ED5B3-F344-415A-BDE0-36D95408911A}.Debug|Any CPU.Build.0 = Debug|Any CPU
		{159ED5B3-F344-415A-BDE0-36D95408911A}.Release|Any CPU.ActiveCfg = Release|Any CPU
		{159ED5B3-F344-415A-BDE0-36D95408911A}.Release|Any CPU.Build.0 = Release|Any CPU
	EndGlobalSection
	GlobalSection(SolutionProperties) = preSolution
		HideSolutionNode = FALSE
	EndGlobalSection
EndGlobal
